
Microsoft Visual Studio Solution File, Format Version 12.00
# Visual Studio Version 17
VisualStudioVersion = 17.0.31903.59
MinimumVisualStudioVersion = 10.0.40219.1
Project("{FAE04EC0-301F-11D3-BF4B-00C04F79EFBC}") = "Laba13", "Laba13.csproj", "{2C3C31E2-8D31-4D91-87BE-8E76E719F8EA}"
EndProject
Project("{FAE04EC0-301F-11D3-BF4B-00C04F79EFBC}") = "BanksFabric", "..\BanksFabric\BanksFabric.csproj", "{C484B0B5-79F9-456A-9876-F70DBB6C82E0}"
EndProject
Project("{FAE04EC0-301F-11D3-BF4B-00C04F79EFBC}") = "BuildsFabric", "..\BuildsFabric\BuildsFabric.csproj", "{A9AA2711-D027-40D9-B75C-A62BD35BEF77}"
EndProject
Global
	GlobalSection(SolutionConfigurationPlatforms) = preSolution
		Debug|Any CPU = Debug|Any CPU
		Release|Any CPU = Release|Any CPU
	EndGlobalSection
	GlobalSection(ProjectConfigurationPlatforms) = postSolution
		{2C3C31E2-8D31-4D91-87BE-8E76E719F8EA}.Debug|Any CPU.ActiveCfg = Debug|Any CPU
		{2C3C31E2-8D31-4D91-87BE-8E76E719F8EA}.Debug|Any CPU.Build.0 = Debug|Any CPU
		{2C3C31E2-8D31-4D91-87BE-8E76E719F8EA}.Release|Any CPU.ActiveCfg = Release|Any CPU
		{2C3C31E2-8D31-4D91-87BE-8E76E719F8EA}.Release|Any CPU.Build.0 = Release|Any CPU
		{C484B0B5-79F9-456A-9876-F70DBB6C82E0}.Debug|Any CPU.ActiveCfg = Debug|Any CPU
		{C484B0B5-79F9-456A-9876-F70DBB6C82E0}.Debug|Any CPU.Build.0 = Debug|Any CPU
		{C484B0B5-79F9-456A-9876-F70DBB6C82E0}.Release|Any CPU.ActiveCfg = Release|Any CPU
		{C484B0B5-79F9-456A-9876-F70DBB6C82E0}.Release|Any CPU.Build.0 = Release|Any CPU
		{A9AA2711-D027-40D9-B75C-A62BD35BEF77}.Debug|Any CPU.ActiveCfg = Debug|Any CPU
		{A9AA2711-D027-40D9-B75C-A62BD35BEF77}.Debug|Any CPU.Build.0 = Debug|Any CPU
		{A9AA2711-D027-40D9-B75C-A62BD35BEF77}.Release|Any CPU.ActiveCfg = Release|Any CPU
		{A9AA2711-D027-40D9-B75C-A62BD35BEF77}.Release|Any CPU.Build.0 = Release|Any CPU
	EndGlobalSection
	GlobalSection(SolutionProperties) = preSolution
		HideSolutionNode = FALSE
	EndGlobalSection
	GlobalSection(ExtensibilityGlobals) = postSolution
		SolutionGuid = {6419D935-6437-4DF5-BD38-1ADFDC1F688E}
	EndGlobalSection
EndGlobal
